
Microsoft Visual Studio Solution File, Format Version 12.00
Project("{FAE04EC0-301F-11D3-BF4B-00C04F79EFBC}") = "GeneticDFA", "GeneticDFA\GeneticDFA.csproj", "{3604124D-B8F4-4E7F-AECF-7327763F360F}"
EndProject
Global
	GlobalSection(SolutionConfigurationPlatforms) = preSolution
		Debug|Any CPU = Debug|Any CPU
		Release|Any CPU = Release|Any CPU
	EndGlobalSection
	GlobalSection(ProjectConfigurationPlatforms) = postSolution
		{3604124D-B8F4-4E7F-AECF-7327763F360F}.Debug|Any CPU.ActiveCfg = Debug|Any CPU
		{3604124D-B8F4-4E7F-AECF-7327763F360F}.Debug|Any CPU.Build.0 = Debug|Any CPU
		{3604124D-B8F4-4E7F-AECF-7327763F360F}.Release|Any CPU.ActiveCfg = Release|Any CPU
		{3604124D-B8F4-4E7F-AECF-7327763F360F}.Release|Any CPU.Build.0 = Release|Any CPU
	EndGlobalSection
EndGlobal
